
Microsoft Visual Studio Solution File, Format Version 12.00
# Visual Studio Version 17
VisualStudioVersion = 17.10.34916.146
MinimumVisualStudioVersion = 10.0.40219.1
Project("{9A19103F-16F7-4668-BE54-9A1E7A4F7556}") = "eReceiptApplication", "eReceiptApplication\eReceiptApplication.csproj", "{2BD43A40-FE08-47A4-96F9-C4B6C64E570C}"
EndProject
Project("{54A90642-561A-4BB1-A94E-469ADEE60C69}") = "eReceipt.client", "eReceipt.client\eReceipt.client.esproj", "{2441DED4-C885-4709-ADFC-E53CFF623401}"
EndProject
Global
	GlobalSection(SolutionConfigurationPlatforms) = preSolution
		Debug|Any CPU = Debug|Any CPU
		Release|Any CPU = Release|Any CPU
	EndGlobalSection
	GlobalSection(ProjectConfigurationPlatforms) = postSolution
		{2BD43A40-FE08-47A4-96F9-C4B6C64E570C}.Debug|Any CPU.ActiveCfg = Debug|Any CPU
		{2BD43A40-FE08-47A4-96F9-C4B6C64E570C}.Debug|Any CPU.Build.0 = Debug|Any CPU
		{2BD43A40-FE08-47A4-96F9-C4B6C64E570C}.Release|Any CPU.ActiveCfg = Release|Any CPU
		{2BD43A40-FE08-47A4-96F9-C4B6C64E570C}.Release|Any CPU.Build.0 = Release|Any CPU
		{2441DED4-C885-4709-ADFC-E53CFF623401}.Debug|Any CPU.ActiveCfg = Debug|Any CPU
		{2441DED4-C885-4709-ADFC-E53CFF623401}.Debug|Any CPU.Build.0 = Debug|Any CPU
		{2441DED4-C885-4709-ADFC-E53CFF623401}.Debug|Any CPU.Deploy.0 = Debug|Any CPU
		{2441DED4-C885-4709-ADFC-E53CFF623401}.Release|Any CPU.ActiveCfg = Release|Any CPU
		{2441DED4-C885-4709-ADFC-E53CFF623401}.Release|Any CPU.Build.0 = Release|Any CPU
		{2441DED4-C885-4709-ADFC-E53CFF623401}.Release|Any CPU.Deploy.0 = Release|Any CPU
	EndGlobalSection
	GlobalSection(SolutionProperties) = preSolution
		HideSolutionNode = FALSE
	EndGlobalSection
	GlobalSection(ExtensibilityGlobals) = postSolution
		SolutionGuid = {D87D62C5-4D2F-440C-AD04-FCEDD1F67DF8}
	EndGlobalSection
EndGlobal
